// !$*UTF8*$!
{
	archiveVersion = 1;
	classes = {
	};
	objectVersion = 55;
	objects = {

/* Begin PBXBuildFile section */
		404EA2EB280BEEA000E5B17F /* TestApp WatchKit App.app in Embed Watch Content */ = {isa = PBXBuildFile; fileRef = 404EA2EA280BEEA000E5B17F /* TestApp WatchKit App.app */; settings = {ATTRIBUTES = (RemoveHeadersOnCopy, ); }; };
		404EA2F1280BEEA000E5B17F /* Interface.storyboard in Resources */ = {isa = PBXBuildFile; fileRef = 404EA2EF280BEEA000E5B17F /* Interface.storyboard */; };
		404EA2F3280BEEA000E5B17F /* Assets.xcassets in Resources */ = {isa = PBXBuildFile; fileRef = 404EA2F2280BEEA000E5B17F /* Assets.xcassets */; };
		404EA2F9280BEEA000E5B17F /* TestApp WatchKit Extension.appex in Embed App Extensions */ = {isa = PBXBuildFile; fileRef = 404EA2F8280BEEA000E5B17F /* TestApp WatchKit Extension.appex */; settings = {ATTRIBUTES = (RemoveHeadersOnCopy, ); }; };
		404EA2FE280BEEA000E5B17F /* InterfaceController.swift in Sources */ = {isa = PBXBuildFile; fileRef = 404EA2FD280BEEA000E5B17F /* InterfaceController.swift */; };
		404EA300280BEEA000E5B17F /* ExtensionDelegate.swift in Sources */ = {isa = PBXBuildFile; fileRef = 404EA2FF280BEEA000E5B17F /* ExtensionDelegate.swift */; };
		404EA302280BEEA000E5B17F /* NotificationController.swift in Sources */ = {isa = PBXBuildFile; fileRef = 404EA301280BEEA000E5B17F /* NotificationController.swift */; };
		404EA304280BEEA000E5B17F /* ComplicationController.swift in Sources */ = {isa = PBXBuildFile; fileRef = 404EA303280BEEA000E5B17F /* ComplicationController.swift */; };
		404EA306280BEEA100E5B17F /* Assets.xcassets in Resources */ = {isa = PBXBuildFile; fileRef = 404EA305280BEEA100E5B17F /* Assets.xcassets */; };
		404EA312280BEEA100E5B17F /* TestAppTests.swift in Sources */ = {isa = PBXBuildFile; fileRef = 404EA311280BEEA100E5B17F /* TestAppTests.swift */; };
		404EA31C280BEEA100E5B17F /* TestAppUITests.swift in Sources */ = {isa = PBXBuildFile; fileRef = 404EA31B280BEEA100E5B17F /* TestAppUITests.swift */; };
		404EA31E280BEEA100E5B17F /* TestAppUITestsLaunchTests.swift in Sources */ = {isa = PBXBuildFile; fileRef = 404EA31D280BEEA100E5B17F /* TestAppUITestsLaunchTests.swift */; };
		406130B9280F228D0065EF86 /* RowController.swift in Sources */ = {isa = PBXBuildFile; fileRef = 406130B8280F228D0065EF86 /* RowController.swift */; };
		406130BB280F24B40065EF86 /* HomeController.swift in Sources */ = {isa = PBXBuildFile; fileRef = 406130BA280F24B30065EF86 /* HomeController.swift */; };
/* End PBXBuildFile section */

/* Begin PBXContainerItemProxy section */
		404EA2EC280BEEA000E5B17F /* PBXContainerItemProxy */ = {
			isa = PBXContainerItemProxy;
			containerPortal = 404EA2E0280BEEA000E5B17F /* Project object */;
			proxyType = 1;
			remoteGlobalIDString = 404EA2E9280BEEA000E5B17F;
			remoteInfo = "TestApp WatchKit App";
		};
		404EA2FA280BEEA000E5B17F /* PBXContainerItemProxy */ = {
			isa = PBXContainerItemProxy;
			containerPortal = 404EA2E0280BEEA000E5B17F /* Project object */;
			proxyType = 1;
			remoteGlobalIDString = 404EA2F7280BEEA000E5B17F;
			remoteInfo = "TestApp WatchKit Extension";
		};
		404EA30E280BEEA100E5B17F /* PBXContainerItemProxy */ = {
			isa = PBXContainerItemProxy;
			containerPortal = 404EA2E0280BEEA000E5B17F /* Project object */;
			proxyType = 1;
			remoteGlobalIDString = 404EA2F7280BEEA000E5B17F;
			remoteInfo = "TestApp WatchKit Extension";
		};
		404EA318280BEEA100E5B17F /* PBXContainerItemProxy */ = {
			isa = PBXContainerItemProxy;
			containerPortal = 404EA2E0280BEEA000E5B17F /* Project object */;
			proxyType = 1;
			remoteGlobalIDString = 404EA2E9280BEEA000E5B17F;
			remoteInfo = "TestApp WatchKit App";
		};
/* End PBXContainerItemProxy section */

/* Begin PBXCopyFilesBuildPhase section */
		404EA324280BEEA100E5B17F /* Embed App Extensions */ = {
			isa = PBXCopyFilesBuildPhase;
			buildActionMask = 2147483647;
			dstPath = "";
			dstSubfolderSpec = 13;
			files = (
				404EA2F9280BEEA000E5B17F /* TestApp WatchKit Extension.appex in Embed App Extensions */,
			);
			name = "Embed App Extensions";
			runOnlyForDeploymentPostprocessing = 0;
		};
		404EA328280BEEA100E5B17F /* Embed Watch Content */ = {
			isa = PBXCopyFilesBuildPhase;
			buildActionMask = 2147483647;
			dstPath = "$(CONTENTS_FOLDER_PATH)/Watch";
			dstSubfolderSpec = 16;
			files = (
				404EA2EB280BEEA000E5B17F /* TestApp WatchKit App.app in Embed Watch Content */,
			);
			name = "Embed Watch Content";
			runOnlyForDeploymentPostprocessing = 0;
		};
/* End PBXCopyFilesBuildPhase section */

/* Begin PBXFileReference section */
		404EA2E6280BEEA000E5B17F /* TestApp.app */ = {isa = PBXFileReference; explicitFileType = wrapper.application; includeInIndex = 0; path = TestApp.app; sourceTree = BUILT_PRODUCTS_DIR; };
		404EA2EA280BEEA000E5B17F /* TestApp WatchKit App.app */ = {isa = PBXFileReference; explicitFileType = wrapper.application; includeInIndex = 0; path = "TestApp WatchKit App.app"; sourceTree = BUILT_PRODUCTS_DIR; };
		404EA2F0280BEEA000E5B17F /* Base */ = {isa = PBXFileReference; lastKnownFileType = file.storyboard; name = Base; path = Base.lproj/Interface.storyboard; sourceTree = "<group>"; };
		404EA2F2280BEEA000E5B17F /* Assets.xcassets */ = {isa = PBXFileReference; lastKnownFileType = folder.assetcatalog; path = Assets.xcassets; sourceTree = "<group>"; };
		404EA2F8280BEEA000E5B17F /* TestApp WatchKit Extension.appex */ = {isa = PBXFileReference; explicitFileType = "wrapper.app-extension"; includeInIndex = 0; path = "TestApp WatchKit Extension.appex"; sourceTree = BUILT_PRODUCTS_DIR; };
		404EA2FD280BEEA000E5B17F /* InterfaceController.swift */ = {isa = PBXFileReference; lastKnownFileType = sourcecode.swift; path = InterfaceController.swift; sourceTree = "<group>"; };
		404EA2FF280BEEA000E5B17F /* ExtensionDelegate.swift */ = {isa = PBXFileReference; lastKnownFileType = sourcecode.swift; path = ExtensionDelegate.swift; sourceTree = "<group>"; };
		404EA301280BEEA000E5B17F /* NotificationController.swift */ = {isa = PBXFileReference; lastKnownFileType = sourcecode.swift; path = NotificationController.swift; sourceTree = "<group>"; };
		404EA303280BEEA000E5B17F /* ComplicationController.swift */ = {isa = PBXFileReference; lastKnownFileType = sourcecode.swift; path = ComplicationController.swift; sourceTree = "<group>"; };
		404EA305280BEEA100E5B17F /* Assets.xcassets */ = {isa = PBXFileReference; lastKnownFileType = folder.assetcatalog; path = Assets.xcassets; sourceTree = "<group>"; };
		404EA307280BEEA100E5B17F /* Info.plist */ = {isa = PBXFileReference; lastKnownFileType = text.plist.xml; path = Info.plist; sourceTree = "<group>"; };
		404EA308280BEEA100E5B17F /* PushNotificationPayload.apns */ = {isa = PBXFileReference; lastKnownFileType = text; path = PushNotificationPayload.apns; sourceTree = "<group>"; };
		404EA30D280BEEA100E5B17F /* TestAppTests.xctest */ = {isa = PBXFileReference; explicitFileType = wrapper.cfbundle; includeInIndex = 0; path = TestAppTests.xctest; sourceTree = BUILT_PRODUCTS_DIR; };
		404EA311280BEEA100E5B17F /* TestAppTests.swift */ = {isa = PBXFileReference; lastKnownFileType = sourcecode.swift; path = TestAppTests.swift; sourceTree = "<group>"; };
		404EA317280BEEA100E5B17F /* TestAppUITests.xctest */ = {isa = PBXFileReference; explicitFileType = wrapper.cfbundle; includeInIndex = 0; path = TestAppUITests.xctest; sourceTree = BUILT_PRODUCTS_DIR; };
		404EA31B280BEEA100E5B17F /* TestAppUITests.swift */ = {isa = PBXFileReference; lastKnownFileType = sourcecode.swift; path = TestAppUITests.swift; sourceTree = "<group>"; };
		404EA31D280BEEA100E5B17F /* TestAppUITestsLaunchTests.swift */ = {isa = PBXFileReference; lastKnownFileType = sourcecode.swift; path = TestAppUITestsLaunchTests.swift; sourceTree = "<group>"; };
		406130B8280F228D0065EF86 /* RowController.swift */ = {isa = PBXFileReference; lastKnownFileType = sourcecode.swift; path = RowController.swift; sourceTree = "<group>"; };
		406130BA280F24B30065EF86 /* HomeController.swift */ = {isa = PBXFileReference; lastKnownFileType = sourcecode.swift; path = HomeController.swift; sourceTree = "<group>"; };
/* End PBXFileReference section */

/* Begin PBXFrameworksBuildPhase section */
		404EA2F5280BEEA000E5B17F /* Frameworks */ = {
			isa = PBXFrameworksBuildPhase;
			buildActionMask = 2147483647;
			files = (
			);
			runOnlyForDeploymentPostprocessing = 0;
		};
		404EA30A280BEEA100E5B17F /* Frameworks */ = {
			isa = PBXFrameworksBuildPhase;
			buildActionMask = 2147483647;
			files = (
			);
			runOnlyForDeploymentPostprocessing = 0;
		};
		404EA314280BEEA100E5B17F /* Frameworks */ = {
			isa = PBXFrameworksBuildPhase;
			buildActionMask = 2147483647;
			files = (
			);
			runOnlyForDeploymentPostprocessing = 0;
		};
/* End PBXFrameworksBuildPhase section */

/* Begin PBXGroup section */
		404EA2DF280BEEA000E5B17F = {
			isa = PBXGroup;
			children = (
				404EA2EE280BEEA000E5B17F /* TestApp WatchKit App */,
				404EA2FC280BEEA000E5B17F /* TestApp WatchKit Extension */,
				404EA310280BEEA100E5B17F /* TestAppTests */,
				404EA31A280BEEA100E5B17F /* TestAppUITests */,
				404EA2E7280BEEA000E5B17F /* Products */,
			);
			sourceTree = "<group>";
		};
		404EA2E7280BEEA000E5B17F /* Products */ = {
			isa = PBXGroup;
			children = (
				404EA2E6280BEEA000E5B17F /* TestApp.app */,
				404EA2EA280BEEA000E5B17F /* TestApp WatchKit App.app */,
				404EA2F8280BEEA000E5B17F /* TestApp WatchKit Extension.appex */,
				404EA30D280BEEA100E5B17F /* TestAppTests.xctest */,
				404EA317280BEEA100E5B17F /* TestAppUITests.xctest */,
			);
			name = Products;
			sourceTree = "<group>";
		};
		404EA2EE280BEEA000E5B17F /* TestApp WatchKit App */ = {
			isa = PBXGroup;
			children = (
				404EA2EF280BEEA000E5B17F /* Interface.storyboard */,
				404EA2F2280BEEA000E5B17F /* Assets.xcassets */,
			);
			path = "TestApp WatchKit App";
			sourceTree = "<group>";
		};
		404EA2FC280BEEA000E5B17F /* TestApp WatchKit Extension */ = {
			isa = PBXGroup;
			children = (
				404EA2FD280BEEA000E5B17F /* InterfaceController.swift */,
				406130BA280F24B30065EF86 /* HomeController.swift */,
				404EA2FF280BEEA000E5B17F /* ExtensionDelegate.swift */,
				406130B8280F228D0065EF86 /* RowController.swift */,
				404EA301280BEEA000E5B17F /* NotificationController.swift */,
				404EA303280BEEA000E5B17F /* ComplicationController.swift */,
				404EA305280BEEA100E5B17F /* Assets.xcassets */,
				404EA307280BEEA100E5B17F /* Info.plist */,
				404EA308280BEEA100E5B17F /* PushNotificationPayload.apns */,
			);
			path = "TestApp WatchKit Extension";
			sourceTree = "<group>";
		};
		404EA310280BEEA100E5B17F /* TestAppTests */ = {
			isa = PBXGroup;
			children = (
				404EA311280BEEA100E5B17F /* TestAppTests.swift */,
			);
			path = TestAppTests;
			sourceTree = "<group>";
		};
		404EA31A280BEEA100E5B17F /* TestAppUITests */ = {
			isa = PBXGroup;
			children = (
				404EA31B280BEEA100E5B17F /* TestAppUITests.swift */,
				404EA31D280BEEA100E5B17F /* TestAppUITestsLaunchTests.swift */,
			);
			path = TestAppUITests;
			sourceTree = "<group>";
		};
/* End PBXGroup section */

/* Begin PBXNativeTarget section */
		404EA2E5280BEEA000E5B17F /* TestApp */ = {
			isa = PBXNativeTarget;
			buildConfigurationList = 404EA329280BEEA100E5B17F /* Build configuration list for PBXNativeTarget "TestApp" */;
			buildPhases = (
				404EA2E4280BEEA000E5B17F /* Resources */,
				404EA328280BEEA100E5B17F /* Embed Watch Content */,
			);
			buildRules = (
			);
			dependencies = (
				404EA2ED280BEEA000E5B17F /* PBXTargetDependency */,
			);
			name = TestApp;
			productName = TestApp;
			productReference = 404EA2E6280BEEA000E5B17F /* TestApp.app */;
			productType = "com.apple.product-type.application.watchapp2-container";
		};
		404EA2E9280BEEA000E5B17F /* TestApp WatchKit App */ = {
			isa = PBXNativeTarget;
			buildConfigurationList = 404EA325280BEEA100E5B17F /* Build configuration list for PBXNativeTarget "TestApp WatchKit App" */;
			buildPhases = (
				404EA2E8280BEEA000E5B17F /* Resources */,
				404EA324280BEEA100E5B17F /* Embed App Extensions */,
			);
			buildRules = (
			);
			dependencies = (
				404EA2FB280BEEA000E5B17F /* PBXTargetDependency */,
			);
			name = "TestApp WatchKit App";
			productName = "TestApp WatchKit App";
			productReference = 404EA2EA280BEEA000E5B17F /* TestApp WatchKit App.app */;
			productType = "com.apple.product-type.application.watchapp2";
		};
		404EA2F7280BEEA000E5B17F /* TestApp WatchKit Extension */ = {
			isa = PBXNativeTarget;
			buildConfigurationList = 404EA321280BEEA100E5B17F /* Build configuration list for PBXNativeTarget "TestApp WatchKit Extension" */;
			buildPhases = (
				404EA2F4280BEEA000E5B17F /* Sources */,
				404EA2F5280BEEA000E5B17F /* Frameworks */,
				404EA2F6280BEEA000E5B17F /* Resources */,
			);
			buildRules = (
			);
			dependencies = (
			);
			name = "TestApp WatchKit Extension";
			productName = "TestApp WatchKit Extension";
			productReference = 404EA2F8280BEEA000E5B17F /* TestApp WatchKit Extension.appex */;
			productType = "com.apple.product-type.watchkit2-extension";
		};
		404EA30C280BEEA100E5B17F /* TestAppTests */ = {
			isa = PBXNativeTarget;
			buildConfigurationList = 404EA32C280BEEA100E5B17F /* Build configuration list for PBXNativeTarget "TestAppTests" */;
			buildPhases = (
				404EA309280BEEA100E5B17F /* Sources */,
				404EA30A280BEEA100E5B17F /* Frameworks */,
				404EA30B280BEEA100E5B17F /* Resources */,
			);
			buildRules = (
			);
			dependencies = (
				404EA30F280BEEA100E5B17F /* PBXTargetDependency */,
			);
			name = TestAppTests;
			productName = TestAppTests;
			productReference = 404EA30D280BEEA100E5B17F /* TestAppTests.xctest */;
			productType = "com.apple.product-type.bundle.unit-test";
		};
		404EA316280BEEA100E5B17F /* TestAppUITests */ = {
			isa = PBXNativeTarget;
			buildConfigurationList = 404EA32F280BEEA100E5B17F /* Build configuration list for PBXNativeTarget "TestAppUITests" */;
			buildPhases = (
				404EA313280BEEA100E5B17F /* Sources */,
				404EA314280BEEA100E5B17F /* Frameworks */,
				404EA315280BEEA100E5B17F /* Resources */,
			);
			buildRules = (
			);
			dependencies = (
				404EA319280BEEA100E5B17F /* PBXTargetDependency */,
			);
			name = TestAppUITests;
			productName = TestAppUITests;
			productReference = 404EA317280BEEA100E5B17F /* TestAppUITests.xctest */;
			productType = "com.apple.product-type.bundle.ui-testing";
		};
/* End PBXNativeTarget section */

/* Begin PBXProject section */
		404EA2E0280BEEA000E5B17F /* Project object */ = {
			isa = PBXProject;
			attributes = {
				BuildIndependentTargetsInParallel = 1;
				LastSwiftUpdateCheck = 1330;
				LastUpgradeCheck = 1330;
				TargetAttributes = {
					404EA2E5280BEEA000E5B17F = {
						CreatedOnToolsVersion = 13.3.1;
					};
					404EA2E9280BEEA000E5B17F = {
						CreatedOnToolsVersion = 13.3.1;
					};
					404EA2F7280BEEA000E5B17F = {
						CreatedOnToolsVersion = 13.3.1;
					};
					404EA30C280BEEA100E5B17F = {
						CreatedOnToolsVersion = 13.3.1;
						TestTargetID = 404EA2F7280BEEA000E5B17F;
					};
					404EA316280BEEA100E5B17F = {
						CreatedOnToolsVersion = 13.3.1;
						TestTargetID = 404EA2E9280BEEA000E5B17F;
					};
				};
			};
			buildConfigurationList = 404EA2E3280BEEA000E5B17F /* Build configuration list for PBXProject "TestApp" */;
			compatibilityVersion = "Xcode 13.0";
			developmentRegion = en;
			hasScannedForEncodings = 0;
			knownRegions = (
				en,
				Base,
			);
			mainGroup = 404EA2DF280BEEA000E5B17F;
			productRefGroup = 404EA2E7280BEEA000E5B17F /* Products */;
			projectDirPath = "";
			projectRoot = "";
			targets = (
				404EA2E5280BEEA000E5B17F /* TestApp */,
				404EA2E9280BEEA000E5B17F /* TestApp WatchKit App */,
				404EA2F7280BEEA000E5B17F /* TestApp WatchKit Extension */,
				404EA30C280BEEA100E5B17F /* TestAppTests */,
				404EA316280BEEA100E5B17F /* TestAppUITests */,
			);
		};
/* End PBXProject section */

/* Begin PBXResourcesBuildPhase section */
		404EA2E4280BEEA000E5B17F /* Resources */ = {
			isa = PBXResourcesBuildPhase;
			buildActionMask = 2147483647;
			files = (
			);
			runOnlyForDeploymentPostprocessing = 0;
		};
		404EA2E8280BEEA000E5B17F /* Resources */ = {
			isa = PBXResourcesBuildPhase;
			buildActionMask = 2147483647;
			files = (
				404EA2F3280BEEA000E5B17F /* Assets.xcassets in Resources */,
				404EA2F1280BEEA000E5B17F /* Interface.storyboard in Resources */,
			);
			runOnlyForDeploymentPostprocessing = 0;
		};
		404EA2F6280BEEA000E5B17F /* Resources */ = {
			isa = PBXResourcesBuildPhase;
			buildActionMask = 2147483647;
			files = (
				404EA306280BEEA100E5B17F /* Assets.xcassets in Resources */,
			);
			runOnlyForDeploymentPostprocessing = 0;
		};
		404EA30B280BEEA100E5B17F /* Resources */ = {
			isa = PBXResourcesBuildPhase;
			buildActionMask = 2147483647;
			files = (
			);
			runOnlyForDeploymentPostprocessing = 0;
		};
		404EA315280BEEA100E5B17F /* Resources */ = {
			isa = PBXResourcesBuildPhase;
			buildActionMask = 2147483647;
			files = (
			);
			runOnlyForDeploymentPostprocessing = 0;
		};
/* End PBXResourcesBuildPhase section */

/* Begin PBXSourcesBuildPhase section */
		404EA2F4280BEEA000E5B17F /* Sources */ = {
			isa = PBXSourcesBuildPhase;
			buildActionMask = 2147483647;
			files = (
				406130B9280F228D0065EF86 /* RowController.swift in Sources */,
				404EA302280BEEA000E5B17F /* NotificationController.swift in Sources */,
				406130BB280F24B40065EF86 /* HomeController.swift in Sources */,
				404EA304280BEEA000E5B17F /* ComplicationController.swift in Sources */,
				404EA300280BEEA000E5B17F /* ExtensionDelegate.swift in Sources */,
				404EA2FE280BEEA000E5B17F /* InterfaceController.swift in Sources */,
			);
			runOnlyForDeploymentPostprocessing = 0;
		};
		404EA309280BEEA100E5B17F /* Sources */ = {
			isa = PBXSourcesBuildPhase;
			buildActionMask = 2147483647;
			files = (
				404EA312280BEEA100E5B17F /* TestAppTests.swift in Sources */,
			);
			runOnlyForDeploymentPostprocessing = 0;
		};
		404EA313280BEEA100E5B17F /* Sources */ = {
			isa = PBXSourcesBuildPhase;
			buildActionMask = 2147483647;
			files = (
				404EA31E280BEEA100E5B17F /* TestAppUITestsLaunchTests.swift in Sources */,
				404EA31C280BEEA100E5B17F /* TestAppUITests.swift in Sources */,
			);
			runOnlyForDeploymentPostprocessing = 0;
		};
/* End PBXSourcesBuildPhase section */

/* Begin PBXTargetDependency section */
		404EA2ED280BEEA000E5B17F /* PBXTargetDependency */ = {
			isa = PBXTargetDependency;
			target = 404EA2E9280BEEA000E5B17F /* TestApp WatchKit App */;
			targetProxy = 404EA2EC280BEEA000E5B17F /* PBXContainerItemProxy */;
		};
		404EA2FB280BEEA000E5B17F /* PBXTargetDependency */ = {
			isa = PBXTargetDependency;
			target = 404EA2F7280BEEA000E5B17F /* TestApp WatchKit Extension */;
			targetProxy = 404EA2FA280BEEA000E5B17F /* PBXContainerItemProxy */;
		};
		404EA30F280BEEA100E5B17F /* PBXTargetDependency */ = {
			isa = PBXTargetDependency;
			target = 404EA2F7280BEEA000E5B17F /* TestApp WatchKit Extension */;
			targetProxy = 404EA30E280BEEA100E5B17F /* PBXContainerItemProxy */;
		};
		404EA319280BEEA100E5B17F /* PBXTargetDependency */ = {
			isa = PBXTargetDependency;
			target = 404EA2E9280BEEA000E5B17F /* TestApp WatchKit App */;
			targetProxy = 404EA318280BEEA100E5B17F /* PBXContainerItemProxy */;
		};
/* End PBXTargetDependency section */

/* Begin PBXVariantGroup section */
		404EA2EF280BEEA000E5B17F /* Interface.storyboard */ = {
			isa = PBXVariantGroup;
			children = (
				404EA2F0280BEEA000E5B17F /* Base */,
			);
			name = Interface.storyboard;
			sourceTree = "<group>";
		};
/* End PBXVariantGroup section */

/* Begin XCBuildConfiguration section */
		404EA31F280BEEA100E5B17F /* Debug */ = {
			isa = XCBuildConfiguration;
			buildSettings = {
				ALWAYS_SEARCH_USER_PATHS = NO;
				CLANG_ANALYZER_NONNULL = YES;
				CLANG_ANALYZER_NUMBER_OBJECT_CONVERSION = YES_AGGRESSIVE;
				CLANG_CXX_LANGUAGE_STANDARD = "gnu++17";
				CLANG_ENABLE_MODULES = YES;
				CLANG_ENABLE_OBJC_ARC = YES;
				CLANG_ENABLE_OBJC_WEAK = YES;
				CLANG_WARN_BLOCK_CAPTURE_AUTORELEASING = YES;
				CLANG_WARN_BOOL_CONVERSION = YES;
				CLANG_WARN_COMMA = YES;
				CLANG_WARN_CONSTANT_CONVERSION = YES;
				CLANG_WARN_DEPRECATED_OBJC_IMPLEMENTATIONS = YES;
				CLANG_WARN_DIRECT_OBJC_ISA_USAGE = YES_ERROR;
				CLANG_WARN_DOCUMENTATION_COMMENTS = YES;
				CLANG_WARN_EMPTY_BODY = YES;
				CLANG_WARN_ENUM_CONVERSION = YES;
				CLANG_WARN_INFINITE_RECURSION = YES;
				CLANG_WARN_INT_CONVERSION = YES;
				CLANG_WARN_NON_LITERAL_NULL_CONVERSION = YES;
				CLANG_WARN_OBJC_IMPLICIT_RETAIN_SELF = YES;
				CLANG_WARN_OBJC_LITERAL_CONVERSION = YES;
				CLANG_WARN_OBJC_ROOT_CLASS = YES_ERROR;
				CLANG_WARN_QUOTED_INCLUDE_IN_FRAMEWORK_HEADER = YES;
				CLANG_WARN_RANGE_LOOP_ANALYSIS = YES;
				CLANG_WARN_STRICT_PROTOTYPES = YES;
				CLANG_WARN_SUSPICIOUS_MOVE = YES;
				CLANG_WARN_UNGUARDED_AVAILABILITY = YES_AGGRESSIVE;
				CLANG_WARN_UNREACHABLE_CODE = YES;
				CLANG_WARN__DUPLICATE_METHOD_MATCH = YES;
				COPY_PHASE_STRIP = NO;
				DEBUG_INFORMATION_FORMAT = dwarf;
				ENABLE_STRICT_OBJC_MSGSEND = YES;
				ENABLE_TESTABILITY = YES;
				GCC_C_LANGUAGE_STANDARD = gnu11;
				GCC_DYNAMIC_NO_PIC = NO;
				GCC_NO_COMMON_BLOCKS = YES;
				GCC_OPTIMIZATION_LEVEL = 0;
				GCC_PREPROCESSOR_DEFINITIONS = (
					"DEBUG=1",
					"$(inherited)",
				);
				GCC_WARN_64_TO_32_BIT_CONVERSION = YES;
				GCC_WARN_ABOUT_RETURN_TYPE = YES_ERROR;
				GCC_WARN_UNDECLARED_SELECTOR = YES;
				GCC_WARN_UNINITIALIZED_AUTOS = YES_AGGRESSIVE;
				GCC_WARN_UNUSED_FUNCTION = YES;
				GCC_WARN_UNUSED_VARIABLE = YES;
				MTL_ENABLE_DEBUG_INFO = INCLUDE_SOURCE;
				MTL_FAST_MATH = YES;
				ONLY_ACTIVE_ARCH = YES;
				SDKROOT = iphoneos;
				SWIFT_ACTIVE_COMPILATION_CONDITIONS = DEBUG;
				SWIFT_OPTIMIZATION_LEVEL = "-Onone";
			};
			name = Debug;
		};
		404EA320280BEEA100E5B17F /* Release */ = {
			isa = XCBuildConfiguration;
			buildSettings = {
				ALWAYS_SEARCH_USER_PATHS = NO;
				CLANG_ANALYZER_NONNULL = YES;
				CLANG_ANALYZER_NUMBER_OBJECT_CONVERSION = YES_AGGRESSIVE;
				CLANG_CXX_LANGUAGE_STANDARD = "gnu++17";
				CLANG_ENABLE_MODULES = YES;
				CLANG_ENABLE_OBJC_ARC = YES;
				CLANG_ENABLE_OBJC_WEAK = YES;
				CLANG_WARN_BLOCK_CAPTURE_AUTORELEASING = YES;
				CLANG_WARN_BOOL_CONVERSION = YES;
				CLANG_WARN_COMMA = YES;
				CLANG_WARN_CONSTANT_CONVERSION = YES;
				CLANG_WARN_DEPRECATED_OBJC_IMPLEMENTATIONS = YES;
				CLANG_WARN_DIRECT_OBJC_ISA_USAGE = YES_ERROR;
				CLANG_WARN_DOCUMENTATION_COMMENTS = YES;
				CLANG_WARN_EMPTY_BODY = YES;
				CLANG_WARN_ENUM_CONVERSION = YES;
				CLANG_WARN_INFINITE_RECURSION = YES;
				CLANG_WARN_INT_CONVERSION = YES;
				CLANG_WARN_NON_LITERAL_NULL_CONVERSION = YES;
				CLANG_WARN_OBJC_IMPLICIT_RETAIN_SELF = YES;
				CLANG_WARN_OBJC_LITERAL_CONVERSION = YES;
				CLANG_WARN_OBJC_ROOT_CLASS = YES_ERROR;
				CLANG_WARN_QUOTED_INCLUDE_IN_FRAMEWORK_HEADER = YES;
				CLANG_WARN_RANGE_LOOP_ANALYSIS = YES;
				CLANG_WARN_STRICT_PROTOTYPES = YES;
				CLANG_WARN_SUSPICIOUS_MOVE = YES;
				CLANG_WARN_UNGUARDED_AVAILABILITY = YES_AGGRESSIVE;
				CLANG_WARN_UNREACHABLE_CODE = YES;
				CLANG_WARN__DUPLICATE_METHOD_MATCH = YES;
				COPY_PHASE_STRIP = NO;
				DEBUG_INFORMATION_FORMAT = "dwarf-with-dsym";
				ENABLE_NS_ASSERTIONS = NO;
				ENABLE_STRICT_OBJC_MSGSEND = YES;
				GCC_C_LANGUAGE_STANDARD = gnu11;
				GCC_NO_COMMON_BLOCKS = YES;
				GCC_WARN_64_TO_32_BIT_CONVERSION = YES;
				GCC_WARN_ABOUT_RETURN_TYPE = YES_ERROR;
				GCC_WARN_UNDECLARED_SELECTOR = YES;
				GCC_WARN_UNINITIALIZED_AUTOS = YES_AGGRESSIVE;
				GCC_WARN_UNUSED_FUNCTION = YES;
				GCC_WARN_UNUSED_VARIABLE = YES;
				MTL_ENABLE_DEBUG_INFO = NO;
				MTL_FAST_MATH = YES;
				SDKROOT = iphoneos;
				SWIFT_COMPILATION_MODE = wholemodule;
				SWIFT_OPTIMIZATION_LEVEL = "-O";
				VALIDATE_PRODUCT = YES;
			};
			name = Release;
		};
		404EA322280BEEA100E5B17F /* Debug */ = {
			isa = XCBuildConfiguration;
			buildSettings = {
				ASSETCATALOG_COMPILER_COMPLICATION_NAME = Complication;
				CODE_SIGN_STYLE = Automatic;
				CURRENT_PROJECT_VERSION = 1;
				GENERATE_INFOPLIST_FILE = YES;
				INFOPLIST_FILE = "TestApp WatchKit Extension/Info.plist";
				INFOPLIST_KEY_CFBundleDisplayName = "TestApp WatchKit Extension";
				INFOPLIST_KEY_CLKComplicationPrincipalClass = "$(PRODUCT_MODULE_NAME).ComplicationController";
				INFOPLIST_KEY_NSHumanReadableCopyright = "";
				INFOPLIST_KEY_WKExtensionDelegateClassName = "$(PRODUCT_MODULE_NAME).ExtensionDelegate";
				INFOPLIST_KEY_WKWatchOnly = YES;
				LD_RUNPATH_SEARCH_PATHS = (
					"$(inherited)",
					"@executable_path/Frameworks",
					"@executable_path/../../Frameworks",
				);
				MARKETING_VERSION = 1.0;
				PRODUCT_BUNDLE_IDENTIFIER = Self.TestApp.watchkitapp.watchkitextension;
				PRODUCT_NAME = "${TARGET_NAME}";
				SDKROOT = watchos;
				SKIP_INSTALL = YES;
				SWIFT_EMIT_LOC_STRINGS = YES;
				SWIFT_VERSION = 5.0;
				TARGETED_DEVICE_FAMILY = 4;
				WATCHOS_DEPLOYMENT_TARGET = 8.5;
			};
			name = Debug;
		};
		404EA323280BEEA100E5B17F /* Release */ = {
			isa = XCBuildConfiguration;
			buildSettings = {
				ASSETCATALOG_COMPILER_COMPLICATION_NAME = Complication;
				CODE_SIGN_STYLE = Automatic;
				CURRENT_PROJECT_VERSION = 1;
				GENERATE_INFOPLIST_FILE = YES;
				INFOPLIST_FILE = "TestApp WatchKit Extension/Info.plist";
				INFOPLIST_KEY_CFBundleDisplayName = "TestApp WatchKit Extension";
				INFOPLIST_KEY_CLKComplicationPrincipalClass = "$(PRODUCT_MODULE_NAME).ComplicationController";
				INFOPLIST_KEY_NSHumanReadableCopyright = "";
				INFOPLIST_KEY_WKExtensionDelegateClassName = "$(PRODUCT_MODULE_NAME).ExtensionDelegate";
				INFOPLIST_KEY_WKWatchOnly = YES;
				LD_RUNPATH_SEARCH_PATHS = (
					"$(inherited)",
					"@executable_path/Frameworks",
					"@executable_path/../../Frameworks",
				);
				MARKETING_VERSION = 1.0;
				PRODUCT_BUNDLE_IDENTIFIER = Self.TestApp.watchkitapp.watchkitextension;
				PRODUCT_NAME = "${TARGET_NAME}";
				SDKROOT = watchos;
				SKIP_INSTALL = YES;
				SWIFT_EMIT_LOC_STRINGS = YES;
				SWIFT_VERSION = 5.0;
				TARGETED_DEVICE_FAMILY = 4;
				WATCHOS_DEPLOYMENT_TARGET = 8.5;
			};
			name = Release;
		};
		404EA326280BEEA100E5B17F /* Debug */ = {
			isa = XCBuildConfiguration;
			buildSettings = {
				ALWAYS_EMBED_SWIFT_STANDARD_LIBRARIES = YES;
				ASSETCATALOG_COMPILER_APPICON_NAME = AppIcon;
				ASSETCATALOG_COMPILER_GLOBAL_ACCENT_COLOR_NAME = AccentColor;
				CODE_SIGN_STYLE = Automatic;
				CURRENT_PROJECT_VERSION = 1;
				GENERATE_INFOPLIST_FILE = YES;
				IBSC_MODULE = TestApp_WatchKit_Extension;
				INFOPLIST_KEY_CFBundleDisplayName = "TestApp WatchKit App";
				INFOPLIST_KEY_UISupportedInterfaceOrientations = "UIInterfaceOrientationPortrait UIInterfaceOrientationPortraitUpsideDown";
				MARKETING_VERSION = 1.0;
				PRODUCT_BUNDLE_IDENTIFIER = Self.TestApp.watchkitapp;
				PRODUCT_NAME = "$(TARGET_NAME)";
				SDKROOT = watchos;
				SKIP_INSTALL = YES;
				SWIFT_EMIT_LOC_STRINGS = YES;
				SWIFT_VERSION = 5.0;
				TARGETED_DEVICE_FAMILY = 4;
				WATCHOS_DEPLOYMENT_TARGET = 8.5;
			};
			name = Debug;
		};
		404EA327280BEEA100E5B17F /* Release */ = {
			isa = XCBuildConfiguration;
			buildSettings = {
				ALWAYS_EMBED_SWIFT_STANDARD_LIBRARIES = YES;
				ASSETCATALOG_COMPILER_APPICON_NAME = AppIcon;
				ASSETCATALOG_COMPILER_GLOBAL_ACCENT_COLOR_NAME = AccentColor;
				CODE_SIGN_STYLE = Automatic;
				CURRENT_PROJECT_VERSION = 1;
				GENERATE_INFOPLIST_FILE = YES;
				IBSC_MODULE = TestApp_WatchKit_Extension;
				INFOPLIST_KEY_CFBundleDisplayName = "TestApp WatchKit App";
				INFOPLIST_KEY_UISupportedInterfaceOrientations = "UIInterfaceOrientationPortrait UIInterfaceOrientationPortraitUpsideDown";
				MARKETING_VERSION = 1.0;
				PRODUCT_BUNDLE_IDENTIFIER = Self.TestApp.watchkitapp;
				PRODUCT_NAME = "$(TARGET_NAME)";
				SDKROOT = watchos;
				SKIP_INSTALL = YES;
				SWIFT_EMIT_LOC_STRINGS = YES;
				SWIFT_VERSION = 5.0;
				TARGETED_DEVICE_FAMILY = 4;
				WATCHOS_DEPLOYMENT_TARGET = 8.5;
			};
			name = Release;
		};
		404EA32A280BEEA100E5B17F /* Debug */ = {
			isa = XCBuildConfiguration;
			buildSettings = {
				CODE_SIGN_STYLE = Automatic;
				CURRENT_PROJECT_VERSION = 1;
				MARKETING_VERSION = 1.0;
				PRODUCT_BUNDLE_IDENTIFIER = Self.TestApp;
				PRODUCT_NAME = "$(TARGET_NAME)";
				SWIFT_VERSION = 5.0;
			};
			name = Debug;
		};
		404EA32B280BEEA100E5B17F /* Release */ = {
			isa = XCBuildConfiguration;
			buildSettings = {
				CODE_SIGN_STYLE = Automatic;
				CURRENT_PROJECT_VERSION = 1;
				MARKETING_VERSION = 1.0;
				PRODUCT_BUNDLE_IDENTIFIER = Self.TestApp;
				PRODUCT_NAME = "$(TARGET_NAME)";
				SWIFT_VERSION = 5.0;
			};
			name = Release;
		};
		404EA32D280BEEA100E5B17F /* Debug */ = {
			isa = XCBuildConfiguration;
			buildSettings = {
				ALWAYS_EMBED_SWIFT_STANDARD_LIBRARIES = YES;
				BUNDLE_LOADER = "$(TEST_HOST)";
				CODE_SIGN_STYLE = Automatic;
				CURRENT_PROJECT_VERSION = 1;
				GENERATE_INFOPLIST_FILE = YES;
				MARKETING_VERSION = 1.0;
				PRODUCT_BUNDLE_IDENTIFIER = Self.TestAppTests;
				PRODUCT_NAME = "$(TARGET_NAME)";
				SDKROOT = watchos;
				SWIFT_EMIT_LOC_STRINGS = NO;
				SWIFT_VERSION = 5.0;
				TARGETED_DEVICE_FAMILY = 4;
				TEST_HOST = "$(BUILT_PRODUCTS_DIR)/TestApp WatchKit Extension.appex/TestApp WatchKit Extension";
				WATCHOS_DEPLOYMENT_TARGET = 8.5;
			};
			name = Debug;
		};
		404EA32E280BEEA100E5B17F /* Release */ = {
			isa = XCBuildConfiguration;
			buildSettings = {
				ALWAYS_EMBED_SWIFT_STANDARD_LIBRARIES = YES;
				BUNDLE_LOADER = "$(TEST_HOST)";
				CODE_SIGN_STYLE = Automatic;
				CURRENT_PROJECT_VERSION = 1;
				GENERATE_INFOPLIST_FILE = YES;
				MARKETING_VERSION = 1.0;
				PRODUCT_BUNDLE_IDENTIFIER = Self.TestAppTests;
				PRODUCT_NAME = "$(TARGET_NAME)";
				SDKROOT = watchos;
				SWIFT_EMIT_LOC_STRINGS = NO;
				SWIFT_VERSION = 5.0;
				TARGETED_DEVICE_FAMILY = 4;
				TEST_HOST = "$(BUILT_PRODUCTS_DIR)/TestApp WatchKit Extension.appex/TestApp WatchKit Extension";
				WATCHOS_DEPLOYMENT_TARGET = 8.5;
			};
			name = Release;
		};
		404EA330280BEEA100E5B17F /* Debug */ = {
			isa = XCBuildConfiguration;
			buildSettings = {
				CODE_SIGN_STYLE = Automatic;
				CURRENT_PROJECT_VERSION = 1;
				GENERATE_INFOPLIST_FILE = YES;
				MARKETING_VERSION = 1.0;
				PRODUCT_BUNDLE_IDENTIFIER = Self.TestAppUITests;
				PRODUCT_NAME = "$(TARGET_NAME)";
				SDKROOT = watchos;
				SWIFT_EMIT_LOC_STRINGS = NO;
				SWIFT_VERSION = 5.0;
				TARGETED_DEVICE_FAMILY = 4;
				TEST_TARGET_NAME = "TestApp WatchKit App";
				WATCHOS_DEPLOYMENT_TARGET = 8.5;
			};
			name = Debug;
		};
		404EA331280BEEA100E5B17F /* Release */ = {
			isa = XCBuildConfiguration;
			buildSettings = {
				CODE_SIGN_STYLE = Automatic;
				CURRENT_PROJECT_VERSION = 1;
				GENERATE_INFOPLIST_FILE = YES;
				MARKETING_VERSION = 1.0;
				PRODUCT_BUNDLE_IDENTIFIER = Self.TestAppUITests;
				PRODUCT_NAME = "$(TARGET_NAME)";
				SDKROOT = watchos;
				SWIFT_EMIT_LOC_STRINGS = NO;
				SWIFT_VERSION = 5.0;
				TARGETED_DEVICE_FAMILY = 4;
				TEST_TARGET_NAME = "TestApp WatchKit App";
				WATCHOS_DEPLOYMENT_TARGET = 8.5;
			};
			name = Release;
		};
/* End XCBuildConfiguration section */

/* Begin XCConfigurationList section */
		404EA2E3280BEEA000E5B17F /* Build configuration list for PBXProject "TestApp" */ = {
			isa = XCConfigurationList;
			buildConfigurations = (
				404EA31F280BEEA100E5B17F /* Debug */,
				404EA320280BEEA100E5B17F /* Release */,
			);
			defaultConfigurationIsVisible = 0;
			defaultConfigurationName = Release;
		};
		404EA321280BEEA100E5B17F /* Build configuration list for PBXNativeTarget "TestApp WatchKit Extension" */ = {
			isa = XCConfigurationList;
			buildConfigurations = (
				404EA322280BEEA100E5B17F /* Debug */,
				404EA323280BEEA100E5B17F /* Release */,
			);
			defaultConfigurationIsVisible = 0;
			defaultConfigurationName = Release;
		};
		404EA325280BEEA100E5B17F /* Build configuration list for PBXNativeTarget "TestApp WatchKit App" */ = {
			isa = XCConfigurationList;
			buildConfigurations = (
				404EA326280BEEA100E5B17F /* Debug */,
				404EA327280BEEA100E5B17F /* Release */,
			);
			defaultConfigurationIsVisible = 0;
			defaultConfigurationName = Release;
		};
		404EA329280BEEA100E5B17F /* Build configuration list for PBXNativeTarget "TestApp" */ = {
			isa = XCConfigurationList;
			buildConfigurations = (
				404EA32A280BEEA100E5B17F /* Debug */,
				404EA32B280BEEA100E5B17F /* Release */,
			);
			defaultConfigurationIsVisible = 0;
			defaultConfigurationName = Release;
		};
		404EA32C280BEEA100E5B17F /* Build configuration list for PBXNativeTarget "TestAppTests" */ = {
			isa = XCConfigurationList;
			buildConfigurations = (
				404EA32D280BEEA100E5B17F /* Debug */,
				404EA32E280BEEA100E5B17F /* Release */,
			);
			defaultConfigurationIsVisible = 0;
			defaultConfigurationName = Release;
		};
		404EA32F280BEEA100E5B17F /* Build configuration list for PBXNativeTarget "TestAppUITests" */ = {
			isa = XCConfigurationList;
			buildConfigurations = (
				404EA330280BEEA100E5B17F /* Debug */,
				404EA331280BEEA100E5B17F /* Release */,
			);
			defaultConfigurationIsVisible = 0;
			defaultConfigurationName = Release;
		};
/* End XCConfigurationList section */
	};
	rootObject = 404EA2E0280BEEA000E5B17F /* Project object */;
}
